<?xml version="1.0" encoding="utf-8"?>
<Project ToolsVersion="4.0" xmlns="http://schemas.microsoft.com/developer/msbuild/2003">
  <ItemGroup>
    <Filter Include="Lava">
      <UniqueIdentifier>{8968887C-759F-890D-1E8C-6F100AA2050F}</UniqueIdentifier>
    </Filter>
    <Filter Include="Lava\Events">
      <UniqueIdentifier>{4D00B40C-B9B5-2C02-42AA-26D9AE5E2306}</UniqueIdentifier>
    </Filter>
    <Filter Include="Platform">
      <UniqueIdentifier>{2AC788B4-1694-E3BF-3FAD-D1672BD9184E}</UniqueIdentifier>
    </Filter>
    <Filter Include="Platform\OpenGL">
      <UniqueIdentifier>{1E7D2C1D-8A08-9AE1-9319-1DD6FF23F6E1}</UniqueIdentifier>
    </Filter>
    <Filter Include="Platform\Windows">
      <UniqueIdentifier>{64FBD71A-50F4-F66C-7926-DCF1657ED678}</UniqueIdentifier>
    </Filter>
  </ItemGroup>
  <ItemGroup>
    <ClInclude Include="src\Lava.h" />
    <ClInclude Include="src\Lava\Application.h">
      <Filter>Lava</Filter>
    </ClInclude>
    <ClInclude Include="src\Lava\Core.h">
      <Filter>Lava</Filter>
    </ClInclude>
    <ClInclude Include="src\Lava\EntryPoint.h">
      <Filter>Lava</Filter>
    </ClInclude>
    <ClInclude Include="src\Lava\Events.h">
      <Filter>Lava</Filter>
    </ClInclude>
    <ClInclude Include="src\Lava\Events\ApplicationEvent.h">
      <Filter>Lava\Events</Filter>
    </ClInclude>
    <ClInclude Include="src\Lava\Events\Event.h">
      <Filter>Lava\Events</Filter>
    </ClInclude>
    <ClInclude Include="src\Lava\Events\KeyboardEvent.h">
      <Filter>Lava\Events</Filter>
    </ClInclude>
    <ClInclude Include="src\Lava\Events\MouseEvent.h">
      <Filter>Lava\Events</Filter>
    </ClInclude>
    <ClInclude Include="src\Lava\Layer.h">
      <Filter>Lava</Filter>
    </ClInclude>
    <ClInclude Include="src\Lava\LayerStack.h">
      <Filter>Lava</Filter>
    </ClInclude>
    <ClInclude Include="src\Lava\Log.h">
      <Filter>Lava</Filter>
    </ClInclude>
    <ClInclude Include="src\Lava\Window.h">
      <Filter>Lava</Filter>
    </ClInclude>
    <ClInclude Include="src\Platform\OpenGL\ImGuiOpenGL.h">
      <Filter>Platform\OpenGL</Filter>
    </ClInclude>
    <ClInclude Include="src\Platform\OpenGL\ImGuiOpenGLLoader.h">
      <Filter>Platform\OpenGL</Filter>
    </ClInclude>
    <ClInclude Include="src\Platform\Windows\WindowsWindow.h">
      <Filter>Platform\Windows</Filter>
    </ClInclude>
    <ClInclude Include="src\lvpch.h" />
  </ItemGroup>
  <ItemGroup>
    <ClCompile Include="src\Lava\Application.cpp">
      <Filter>Lava</Filter>
    </ClCompile>
    <ClCompile Include="src\Lava\Layer.cpp">
      <Filter>Lava</Filter>
    </ClCompile>
    <ClCompile Include="src\Lava\LayerStack.cpp">
      <Filter>Lava</Filter>
    </ClCompile>
    <ClCompile Include="src\Lava\Log.cpp">
      <Filter>Lava</Filter>
    </ClCompile>
    <ClCompile Include="src\Platform\OpenGL\ImGuiOpenGL.cpp">
      <Filter>Platform\OpenGL</Filter>
    </ClCompile>
    <ClCompile Include="src\Platform\Windows\WindowsWindow.cpp">
      <Filter>Platform\Windows</Filter>
    </ClCompile>
    <ClCompile Include="src\lvpch.cpp" />
  </ItemGroup>
</Project>