<?xml version="1.0" encoding="utf-8"?>
<Project ToolsVersion="4.0" xmlns="http://schemas.microsoft.com/developer/msbuild/2003">
  <ItemGroup>
    <Filter Include="Lava">
      <UniqueIdentifier>{8968887C-759F-890D-1E8C-6F100AA2050F}</UniqueIdentifier>
    </Filter>
    <Filter Include="Lava\Component">
      <UniqueIdentifier>{2B40B94D-170E-AD53-00A2-1D7AEC0E89B8}</UniqueIdentifier>
    </Filter>
    <Filter Include="Lava\Core">
      <UniqueIdentifier>{814A156D-EDB4-C9E3-36F3-7A89A29CA738}</UniqueIdentifier>
    </Filter>
    <Filter Include="Lava\Debug">
      <UniqueIdentifier>{BFF5CA0F-ABAD-0C5D-14B5-E5B8008CA74D}</UniqueIdentifier>
    </Filter>
    <Filter Include="Lava\Events">
      <UniqueIdentifier>{4D00B40C-B9B5-2C02-42AA-26D9AE5E2306}</UniqueIdentifier>
    </Filter>
    <Filter Include="Lava\ImGui">
      <UniqueIdentifier>{73602910-5F18-6B5D-C81F-44B9B4F6054E}</UniqueIdentifier>
    </Filter>
    <Filter Include="Lava\Material">
      <UniqueIdentifier>{4741963D-B301-1274-7C3C-5BF1E8BB5650}</UniqueIdentifier>
    </Filter>
    <Filter Include="Lava\Mesh">
      <UniqueIdentifier>{E59B1A6D-5106-CFE3-9A44-808906EEAC38}</UniqueIdentifier>
    </Filter>
    <Filter Include="Lava\Renderer">
      <UniqueIdentifier>{4F56B000-BB16-2C37-8451-75B4F0D07013}</UniqueIdentifier>
    </Filter>
    <Filter Include="Lava\Scene">
      <UniqueIdentifier>{6658D910-5210-1B5E-BB17-F4B9A7EEB54E}</UniqueIdentifier>
    </Filter>
    <Filter Include="Platform">
      <UniqueIdentifier>{2AC788B4-1694-E3BF-3FAD-D1672BD9184E}</UniqueIdentifier>
    </Filter>
    <Filter Include="Platform\OpenGL">
      <UniqueIdentifier>{1E7D2C1D-8A08-9AE1-9319-1DD6FF23F6E1}</UniqueIdentifier>
    </Filter>
    <Filter Include="Platform\Windows">
      <UniqueIdentifier>{64FBD71A-50F4-F66C-7926-DCF1657ED678}</UniqueIdentifier>
    </Filter>
  </ItemGroup>
  <ItemGroup>
    <ClInclude Include="src\Lava.h" />
    <ClInclude Include="src\Lava\Component\ColorComponent.h">
      <Filter>Lava\Component</Filter>
    </ClInclude>
    <ClInclude Include="src\Lava\Component\LightSourceComponent.h">
      <Filter>Lava\Component</Filter>
    </ClInclude>
    <ClInclude Include="src\Lava\Component\MaterialComponent.h">
      <Filter>Lava\Component</Filter>
    </ClInclude>
    <ClInclude Include="src\Lava\Component\NameComponent.h">
      <Filter>Lava\Component</Filter>
    </ClInclude>
    <ClInclude Include="src\Lava\Component\RenderableComponent.h">
      <Filter>Lava\Component</Filter>
    </ClInclude>
    <ClInclude Include="src\Lava\Component\ScaleComponent.h">
      <Filter>Lava\Component</Filter>
    </ClInclude>
    <ClInclude Include="src\Lava\Component\StaticMeshComponent.h">
      <Filter>Lava\Component</Filter>
    </ClInclude>
    <ClInclude Include="src\Lava\Component\TransformComponent.h">
      <Filter>Lava\Component</Filter>
    </ClInclude>
    <ClInclude Include="src\Lava\Core.h">
      <Filter>Lava</Filter>
    </ClInclude>
    <ClInclude Include="src\Lava\Core\Application.h">
      <Filter>Lava\Core</Filter>
    </ClInclude>
    <ClInclude Include="src\Lava\Core\CameraController.h">
      <Filter>Lava\Core</Filter>
    </ClInclude>
    <ClInclude Include="src\Lava\Core\Entity.h">
      <Filter>Lava\Core</Filter>
    </ClInclude>
    <ClInclude Include="src\Lava\Core\EntryPoint.h">
      <Filter>Lava\Core</Filter>
    </ClInclude>
    <ClInclude Include="src\Lava\Core\Events.h">
      <Filter>Lava\Core</Filter>
    </ClInclude>
    <ClInclude Include="src\Lava\Core\Input.h">
      <Filter>Lava\Core</Filter>
    </ClInclude>
    <ClInclude Include="src\Lava\Core\KeyCodes.h">
      <Filter>Lava\Core</Filter>
    </ClInclude>
    <ClInclude Include="src\Lava\Core\Layer.h">
      <Filter>Lava\Core</Filter>
    </ClInclude>
    <ClInclude Include="src\Lava\Core\LayerStack.h">
      <Filter>Lava\Core</Filter>
    </ClInclude>
    <ClInclude Include="src\Lava\Core\Log.h">
      <Filter>Lava\Core</Filter>
    </ClInclude>
    <ClInclude Include="src\Lava\Core\MouseButtonCodes.h">
      <Filter>Lava\Core</Filter>
    </ClInclude>
    <ClInclude Include="src\Lava\Core\OrthoCameraController.h">
      <Filter>Lava\Core</Filter>
    </ClInclude>
    <ClInclude Include="src\Lava\Core\Random.h">
      <Filter>Lava\Core</Filter>
    </ClInclude>
    <ClInclude Include="src\Lava\Core\Timestep.h">
      <Filter>Lava\Core</Filter>
    </ClInclude>
    <ClInclude Include="src\Lava\Core\Window.h">
      <Filter>Lava\Core</Filter>
    </ClInclude>
    <ClInclude Include="src\Lava\Debug\Instrumentor.h">
      <Filter>Lava\Debug</Filter>
    </ClInclude>
    <ClInclude Include="src\Lava\Events\ApplicationEvent.h">
      <Filter>Lava\Events</Filter>
    </ClInclude>
    <ClInclude Include="src\Lava\Events\Event.h">
      <Filter>Lava\Events</Filter>
    </ClInclude>
    <ClInclude Include="src\Lava\Events\KeyboardEvent.h">
      <Filter>Lava\Events</Filter>
    </ClInclude>
    <ClInclude Include="src\Lava\Events\MouseEvent.h">
      <Filter>Lava\Events</Filter>
    </ClInclude>
    <ClInclude Include="src\Lava\ImGui\ImGuiLayer.h">
      <Filter>Lava\ImGui</Filter>
    </ClInclude>
    <ClInclude Include="src\Lava\Material\Material.h">
      <Filter>Lava\Material</Filter>
    </ClInclude>
    <ClInclude Include="src\Lava\Mesh\Cube.h">
      <Filter>Lava\Mesh</Filter>
    </ClInclude>
    <ClInclude Include="src\Lava\Renderer\Buffer.h">
      <Filter>Lava\Renderer</Filter>
    </ClInclude>
    <ClInclude Include="src\Lava\Renderer\Camera.h">
      <Filter>Lava\Renderer</Filter>
    </ClInclude>
    <ClInclude Include="src\Lava\Renderer\Framebuffer.h">
      <Filter>Lava\Renderer</Filter>
    </ClInclude>
    <ClInclude Include="src\Lava\Renderer\GraphicsContext.h">
      <Filter>Lava\Renderer</Filter>
    </ClInclude>
    <ClInclude Include="src\Lava\Renderer\OrthoCamera.h">
      <Filter>Lava\Renderer</Filter>
    </ClInclude>
    <ClInclude Include="src\Lava\Renderer\RenderAPI.h">
      <Filter>Lava\Renderer</Filter>
    </ClInclude>
    <ClInclude Include="src\Lava\Renderer\RenderCommand.h">
      <Filter>Lava\Renderer</Filter>
    </ClInclude>
    <ClInclude Include="src\Lava\Renderer\Renderer.h">
      <Filter>Lava\Renderer</Filter>
    </ClInclude>
    <ClInclude Include="src\Lava\Renderer\Renderer2D.h">
      <Filter>Lava\Renderer</Filter>
    </ClInclude>
    <ClInclude Include="src\Lava\Renderer\Shader.h">
      <Filter>Lava\Renderer</Filter>
    </ClInclude>
    <ClInclude Include="src\Lava\Renderer\SubTexture.h">
      <Filter>Lava\Renderer</Filter>
    </ClInclude>
    <ClInclude Include="src\Lava\Renderer\Texture.h">
      <Filter>Lava\Renderer</Filter>
    </ClInclude>
    <ClInclude Include="src\Lava\Renderer\VertexArray.h">
      <Filter>Lava\Renderer</Filter>
    </ClInclude>
    <ClInclude Include="src\Lava\Scene\Scene.h">
      <Filter>Lava\Scene</Filter>
    </ClInclude>
    <ClInclude Include="src\LavaEntryPoint.h" />
    <ClInclude Include="src\Platform\OpenGL\OpenGLBuffer.h">
      <Filter>Platform\OpenGL</Filter>
    </ClInclude>
    <ClInclude Include="src\Platform\OpenGL\OpenGLContext.h">
      <Filter>Platform\OpenGL</Filter>
    </ClInclude>
    <ClInclude Include="src\Platform\OpenGL\OpenGLFramebuffer.h">
      <Filter>Platform\OpenGL</Filter>
    </ClInclude>
    <ClInclude Include="src\Platform\OpenGL\OpenGLRenderer.h">
      <Filter>Platform\OpenGL</Filter>
    </ClInclude>
    <ClInclude Include="src\Platform\OpenGL\OpenGLShader.h">
      <Filter>Platform\OpenGL</Filter>
    </ClInclude>
    <ClInclude Include="src\Platform\OpenGL\OpenGLTexture.h">
      <Filter>Platform\OpenGL</Filter>
    </ClInclude>
    <ClInclude Include="src\Platform\OpenGL\OpenGLVertexArray.h">
      <Filter>Platform\OpenGL</Filter>
    </ClInclude>
    <ClInclude Include="src\Platform\Windows\WindowsInput.h">
      <Filter>Platform\Windows</Filter>
    </ClInclude>
    <ClInclude Include="src\Platform\Windows\WindowsWindow.h">
      <Filter>Platform\Windows</Filter>
    </ClInclude>
    <ClInclude Include="src\lvpch.h" />
  </ItemGroup>
  <ItemGroup>
    <ClCompile Include="src\Lava\Component\ColorComponent.cpp">
      <Filter>Lava\Component</Filter>
    </ClCompile>
    <ClCompile Include="src\Lava\Component\LightSourceComponent.cpp">
      <Filter>Lava\Component</Filter>
    </ClCompile>
    <ClCompile Include="src\Lava\Component\MaterialComponent.cpp">
      <Filter>Lava\Component</Filter>
    </ClCompile>
    <ClCompile Include="src\Lava\Component\NameComponent.cpp">
      <Filter>Lava\Component</Filter>
    </ClCompile>
    <ClCompile Include="src\Lava\Component\RenderableComponent.cpp">
      <Filter>Lava\Component</Filter>
    </ClCompile>
    <ClCompile Include="src\Lava\Component\ScaleComponent.cpp">
      <Filter>Lava\Component</Filter>
    </ClCompile>
    <ClCompile Include="src\Lava\Component\StaticMeshComponent.cpp">
      <Filter>Lava\Component</Filter>
    </ClCompile>
    <ClCompile Include="src\Lava\Component\TransformComponent.cpp">
      <Filter>Lava\Component</Filter>
    </ClCompile>
    <ClCompile Include="src\Lava\Core\Application.cpp">
      <Filter>Lava\Core</Filter>
    </ClCompile>
    <ClCompile Include="src\Lava\Core\CameraController.cpp">
      <Filter>Lava\Core</Filter>
    </ClCompile>
    <ClCompile Include="src\Lava\Core\Entity.cpp">
      <Filter>Lava\Core</Filter>
    </ClCompile>
    <ClCompile Include="src\Lava\Core\Input.cpp">
      <Filter>Lava\Core</Filter>
    </ClCompile>
    <ClCompile Include="src\Lava\Core\Layer.cpp">
      <Filter>Lava\Core</Filter>
    </ClCompile>
    <ClCompile Include="src\Lava\Core\LayerStack.cpp">
      <Filter>Lava\Core</Filter>
    </ClCompile>
    <ClCompile Include="src\Lava\Core\Log.cpp">
      <Filter>Lava\Core</Filter>
    </ClCompile>
    <ClCompile Include="src\Lava\Core\OrthoCameraController.cpp">
      <Filter>Lava\Core</Filter>
    </ClCompile>
    <ClCompile Include="src\Lava\Core\Random.cpp">
      <Filter>Lava\Core</Filter>
    </ClCompile>
    <ClCompile Include="src\Lava\ImGui\ImGuiLayer.cpp">
      <Filter>Lava\ImGui</Filter>
    </ClCompile>
    <ClCompile Include="src\Lava\ImGui\ImguiBuild.cpp">
      <Filter>Lava\ImGui</Filter>
    </ClCompile>
    <ClCompile Include="src\Lava\Material\Material.cpp">
      <Filter>Lava\Material</Filter>
    </ClCompile>
    <ClCompile Include="src\Lava\Mesh\Cube.cpp">
      <Filter>Lava\Mesh</Filter>
    </ClCompile>
    <ClCompile Include="src\Lava\Renderer\Buffer.cpp">
      <Filter>Lava\Renderer</Filter>
    </ClCompile>
    <ClCompile Include="src\Lava\Renderer\Camera.cpp">
      <Filter>Lava\Renderer</Filter>
    </ClCompile>
    <ClCompile Include="src\Lava\Renderer\Framebuffer.cpp">
      <Filter>Lava\Renderer</Filter>
    </ClCompile>
    <ClCompile Include="src\Lava\Renderer\GraphicsContext.cpp">
      <Filter>Lava\Renderer</Filter>
    </ClCompile>
    <ClCompile Include="src\Lava\Renderer\OrthoCamera.cpp">
      <Filter>Lava\Renderer</Filter>
    </ClCompile>
    <ClCompile Include="src\Lava\Renderer\RenderAPI.cpp">
      <Filter>Lava\Renderer</Filter>
    </ClCompile>
    <ClCompile Include="src\Lava\Renderer\RenderCommand.cpp">
      <Filter>Lava\Renderer</Filter>
    </ClCompile>
    <ClCompile Include="src\Lava\Renderer\Renderer.cpp">
      <Filter>Lava\Renderer</Filter>
    </ClCompile>
    <ClCompile Include="src\Lava\Renderer\Renderer2D.cpp">
      <Filter>Lava\Renderer</Filter>
    </ClCompile>
    <ClCompile Include="src\Lava\Renderer\Shader.cpp">
      <Filter>Lava\Renderer</Filter>
    </ClCompile>
    <ClCompile Include="src\Lava\Renderer\SubTexture.cpp">
      <Filter>Lava\Renderer</Filter>
    </ClCompile>
    <ClCompile Include="src\Lava\Renderer\Texture.cpp">
      <Filter>Lava\Renderer</Filter>
    </ClCompile>
    <ClCompile Include="src\Lava\Renderer\VertexArray.cpp">
      <Filter>Lava\Renderer</Filter>
    </ClCompile>
    <ClCompile Include="src\Lava\Scene\Scene.cpp">
      <Filter>Lava\Scene</Filter>
    </ClCompile>
    <ClCompile Include="src\Platform\OpenGL\OpenGLBuffer.cpp">
      <Filter>Platform\OpenGL</Filter>
    </ClCompile>
    <ClCompile Include="src\Platform\OpenGL\OpenGLContext.cpp">
      <Filter>Platform\OpenGL</Filter>
    </ClCompile>
    <ClCompile Include="src\Platform\OpenGL\OpenGLFramebuffer.cpp">
      <Filter>Platform\OpenGL</Filter>
    </ClCompile>
    <ClCompile Include="src\Platform\OpenGL\OpenGLRenderer.cpp">
      <Filter>Platform\OpenGL</Filter>
    </ClCompile>
    <ClCompile Include="src\Platform\OpenGL\OpenGLShader.cpp">
      <Filter>Platform\OpenGL</Filter>
    </ClCompile>
    <ClCompile Include="src\Platform\OpenGL\OpenGLTexture.cpp">
      <Filter>Platform\OpenGL</Filter>
    </ClCompile>
    <ClCompile Include="src\Platform\OpenGL\OpenGLVertexArray.cpp">
      <Filter>Platform\OpenGL</Filter>
    </ClCompile>
    <ClCompile Include="src\Platform\Windows\WindowsInput.cpp">
      <Filter>Platform\Windows</Filter>
    </ClCompile>
    <ClCompile Include="src\Platform\Windows\WindowsWindow.cpp">
      <Filter>Platform\Windows</Filter>
    </ClCompile>
    <ClCompile Include="src\lvpch.cpp" />
  </ItemGroup>
</Project>