<?xml version="1.0" encoding="utf-8"?>
<Project ToolsVersion="4.0" xmlns="http://schemas.microsoft.com/developer/msbuild/2003">
  <ItemGroup>
    <Filter Include="Lava">
      <UniqueIdentifier>{8968887C-759F-890D-1E8C-6F100AA2050F}</UniqueIdentifier>
    </Filter>
    <Filter Include="Lava\Events">
      <UniqueIdentifier>{4D00B40C-B9B5-2C02-42AA-26D9AE5E2306}</UniqueIdentifier>
    </Filter>
    <Filter Include="Platform">
      <UniqueIdentifier>{2AC788B4-1694-E3BF-3FAD-D1672BD9184E}</UniqueIdentifier>
    </Filter>
  </ItemGroup>
  <ItemGroup>
    <ClInclude Include="src\Lava.h" />
    <ClInclude Include="src\Lava\Application.h">
      <Filter>Lava</Filter>
    </ClInclude>
    <ClInclude Include="src\Lava\Core.h">
      <Filter>Lava</Filter>
    </ClInclude>
    <ClInclude Include="src\Lava\EntryPoint.h">
      <Filter>Lava</Filter>
    </ClInclude>
    <ClInclude Include="src\Lava\Events.h">
      <Filter>Lava</Filter>
    </ClInclude>
    <ClInclude Include="src\Lava\Events\ApplicationEvent.h">
      <Filter>Lava\Events</Filter>
    </ClInclude>
    <ClInclude Include="src\Lava\Events\Event.h">
      <Filter>Lava\Events</Filter>
    </ClInclude>
    <ClInclude Include="src\Lava\Events\KeyboardEvent.h">
      <Filter>Lava\Events</Filter>
    </ClInclude>
    <ClInclude Include="src\Lava\Events\MouseEvent.h">
      <Filter>Lava\Events</Filter>
    </ClInclude>
    <ClInclude Include="src\Lava\Log.h">
      <Filter>Lava</Filter>
    </ClInclude>
    <ClInclude Include="src\Lava\Window.h">
      <Filter>Lava</Filter>
    </ClInclude>
    <ClInclude Include="src\Platform\WindowsWindow.h">
      <Filter>Platform</Filter>
    </ClInclude>
    <ClInclude Include="src\lvpch.h" />
  </ItemGroup>
  <ItemGroup>
    <ClCompile Include="src\Lava\Application.cpp">
      <Filter>Lava</Filter>
    </ClCompile>
    <ClCompile Include="src\Lava\Log.cpp">
      <Filter>Lava</Filter>
    </ClCompile>
    <ClCompile Include="src\Platform\WindowsWindow.cpp">
      <Filter>Platform</Filter>
    </ClCompile>
    <ClCompile Include="src\lvpch.cpp" />
  </ItemGroup>
</Project>